<?xml version="1.0" encoding="utf-8"?>
<Project ToolsVersion="4.0" xmlns="http://schemas.microsoft.com/developer/msbuild/2003">
  <ItemGroup>
    <Filter Include="Source Files">
      <UniqueIdentifier>{4FC737F1-C7A5-4376-A066-2A32D752A2FF}</UniqueIdentifier>
      <Extensions>cpp;c;cc;cxx;def;odl;idl;hpj;bat;asm;asmx</Extensions>
    </Filter>
    <Filter Include="Header Files">
      <UniqueIdentifier>{93995380-89BD-4b04-88EB-625FBE52EBFB}</UniqueIdentifier>
      <Extensions>h;hh;hpp;hxx;hm;inl;inc;xsd</Extensions>
    </Filter>
    <Filter Include="Resource Files">
      <UniqueIdentifier>{67DA6AB6-F800-4c08-8B7A-83BB121AAD01}</UniqueIdentifier>
      <Extensions>rc;ico;cur;bmp;dlg;rc2;rct;bin;rgs;gif;jpg;jpeg;jpe;resx;tiff;tif;png;wav;mfcribbon-ms</Extensions>
    </Filter>
  </ItemGroup>
  <ItemGroup>
    <ClInclude Include="stdafx.h">
      <Filter>Header Files</Filter>
    </ClInclude>
    <ClInclude Include="targetver.h">
      <Filter>Header Files</Filter>
    </ClInclude>
    <ClInclude Include="DNServerDgramSocket.h">
      <Filter>Header Files</Filter>
    </ClInclude>
    <ClInclude Include="DANetwork.h">
      <Filter>Header Files</Filter>
    </ClInclude>
    <ClInclude Include="DACore.h">
      <Filter>Header Files</Filter>
    </ClInclude>
    <ClInclude Include="DNCmd.h">
      <Filter>Header Files</Filter>
    </ClInclude>
    <ClInclude Include="DNCmdConnect.h">
      <Filter>Header Files</Filter>
    </ClInclude>
    <ClInclude Include="DNCmdEcho.h">
      <Filter>Header Files</Filter>
    </ClInclude>
    <ClInclude Include="DNCmdLayer.h">
      <Filter>Header Files</Filter>
    </ClInclude>
    <ClInclude Include="DNCmdProcessor.h">
      <Filter>Header Files</Filter>
    </ClInclude>
    <ClInclude Include="DNCmdToken.h">
      <Filter>Header Files</Filter>
    </ClInclude>
    <ClInclude Include="DNDataLayer.h">
      <Filter>Header Files</Filter>
    </ClInclude>
    <ClInclude Include="DNLayer.h">
      <Filter>Header Files</Filter>
    </ClInclude>
    <ClInclude Include="DNNetworkLayer.h">
      <Filter>Header Files</Filter>
    </ClInclude>
    <ClInclude Include="DNPacketLayer.h">
      <Filter>Header Files</Filter>
    </ClInclude>
    <ClInclude Include="DNPacket.h">
      <Filter>Header Files</Filter>
    </ClInclude>
    <ClInclude Include="DNServiceManager.h">
      <Filter>Header Files</Filter>
    </ClInclude>
    <ClInclude Include="DNServiceRunner.h">
      <Filter>Header Files</Filter>
    </ClInclude>
    <ClInclude Include="DSocketSystem.h">
      <Filter>Header Files</Filter>
    </ClInclude>
  </ItemGroup>
  <ItemGroup>
    <ClCompile Include="stdafx.cpp">
      <Filter>Source Files</Filter>
    </ClCompile>
    <ClCompile Include="DNServerDgramSocket.cpp">
      <Filter>Source Files</Filter>
    </ClCompile>
    <ClCompile Include="DNCmd.cpp">
      <Filter>Source Files</Filter>
    </ClCompile>
    <ClCompile Include="DNCmdConnect.cpp">
      <Filter>Source Files</Filter>
    </ClCompile>
    <ClCompile Include="DNCmdEcho.cpp">
      <Filter>Source Files</Filter>
    </ClCompile>
    <ClCompile Include="DNCmdLayer.cpp">
      <Filter>Source Files</Filter>
    </ClCompile>
    <ClCompile Include="DNCmdProcessor.cpp">
      <Filter>Source Files</Filter>
    </ClCompile>
    <ClCompile Include="DNCmdToken.cpp">
      <Filter>Source Files</Filter>
    </ClCompile>
    <ClCompile Include="DNDataLayer.cpp">
      <Filter>Source Files</Filter>
    </ClCompile>
    <ClCompile Include="DNLayer.cpp">
      <Filter>Source Files</Filter>
    </ClCompile>
    <ClCompile Include="DNNetworkLayer.cpp">
      <Filter>Source Files</Filter>
    </ClCompile>
    <ClCompile Include="DNPacketLayer.cpp">
      <Filter>Source Files</Filter>
    </ClCompile>
    <ClCompile Include="DNPacket.cpp">
      <Filter>Source Files</Filter>
    </ClCompile>
    <ClCompile Include="DNServiceManager.cpp">
      <Filter>Source Files</Filter>
    </ClCompile>
    <ClCompile Include="DNServiceRunner.cpp">
      <Filter>Source Files</Filter>
    </ClCompile>
    <ClCompile Include="DSocketSystem.cpp">
      <Filter>Source Files</Filter>
    </ClCompile>
    <ClCompile Include="DNUserLayer.cpp">
      <Filter>Source Files</Filter>
    </ClCompile>
  </ItemGroup>
</Project>